
Microsoft Visual Studio Solution File, Format Version 12.00
# Visual Studio Version 16
VisualStudioVersion = 16.0.29503.13
MinimumVisualStudioVersion = 10.0.40219.1
Project("{FAE04EC0-301F-11D3-BF4B-00C04F79EFBC}") = "PiBotFramework", "PiBotFramework\PiBotFramework.csproj", "{830FF597-9DB6-4BFD-B1C5-56CC9A5ED590}"
EndProject
Global
	GlobalSection(SolutionConfigurationPlatforms) = preSolution
		Debug|Any CPU = Debug|Any CPU
		Release|Any CPU = Release|Any CPU
	EndGlobalSection
	GlobalSection(ProjectConfigurationPlatforms) = postSolution
		{830FF597-9DB6-4BFD-B1C5-56CC9A5ED590}.Debug|Any CPU.ActiveCfg = Debug|Any CPU
		{830FF597-9DB6-4BFD-B1C5-56CC9A5ED590}.Debug|Any CPU.Build.0 = Debug|Any CPU
		{830FF597-9DB6-4BFD-B1C5-56CC9A5ED590}.Release|Any CPU.ActiveCfg = Release|Any CPU
		{830FF597-9DB6-4BFD-B1C5-56CC9A5ED590}.Release|Any CPU.Build.0 = Release|Any CPU
	EndGlobalSection
	GlobalSection(SolutionProperties) = preSolution
		HideSolutionNode = FALSE
	EndGlobalSection
	GlobalSection(ExtensibilityGlobals) = postSolution
		SolutionGuid = {D6209045-7125-469E-8F7D-A02AFDCBE050}
	EndGlobalSection
EndGlobal
